<?xml version="1.0" encoding="utf-8"?>
<Project ToolsVersion="4.0" xmlns="http://schemas.microsoft.com/developer/msbuild/2003">
  <ItemGroup>
    <ClCompile Include="..\..\Src\Application\BaseApplication.cpp" />
    <ClCompile Include="..\..\Src\Application\DynamicRigidbodyComponent.cpp" />
    <ClCompile Include="..\..\Src\Application\EnemyType1.cpp" />
    <ClCompile Include="..\..\Src\Application\GameObject.cpp" />
    <ClCompile Include="..\..\Src\Application\main.cpp" />
    <ClCompile Include="..\..\Src\Application\Physics.cpp" />
    <ClCompile Include="..\..\Src\Application\RigidbodyComponent.cpp" />
    <ClCompile Include="..\..\Src\Application\tutorial2.cpp" />
    <ClCompile Include="..\..\Src\Application\TutorialApplication.cpp" />
    <ClCompile Include="..\..\Src\Application\TutorialBuffered.cpp" />
    <ClCompile Include="..\..\Src\Application\Bala.cpp" />
  </ItemGroup>
  <ItemGroup>
    <ClInclude Include="..\..\Src\Application\AnimationComponent.h" />
    <ClInclude Include="..\..\Src\Application\Bala.h" />
    <ClInclude Include="..\..\Src\Application\BalaComponent.h" />
    <ClInclude Include="..\..\Src\Application\BaseApplication.h" />
    <ClInclude Include="..\..\Src\Application\Component.h" />
    <ClInclude Include="..\..\Src\Application\DynamicRigidbodyComponent.h" />
    <ClInclude Include="..\..\Src\Application\EnemyPrototype.h" />
    <ClInclude Include="..\..\Src\Application\EnemyType1.h" />
    <ClInclude Include="..\..\Src\Application\Factory.h" />
    <ClInclude Include="..\..\Src\Application\GameObject.h" />
    <ClInclude Include="..\..\Src\Application\Mensaje.h" />
    <ClInclude Include="..\..\Src\Application\Physics.h" />
    <ClInclude Include="..\..\Src\Application\KeyInputComponent.h" />
    <ClInclude Include="..\..\Src\Application\MouseInputComponent.h" />
    <ClInclude Include="..\..\Src\Application\MoveCameraComponent.h" />
    <ClInclude Include="..\..\Src\Application\MoveComponent.h" />
    <ClInclude Include="..\..\Src\Application\EntityComponent.h" />
    <ClInclude Include="..\..\Src\Application\RigidbodyComponent.h" />
    <ClInclude Include="..\..\Src\Application\tutorial2.h" />
    <ClInclude Include="..\..\Src\Application\TutorialApplication.h" />
    <ClInclude Include="..\..\Src\Application\TutorialBuffered.h" />
    <ClInclude Include="..\..\Src\Application\MouseComponent.h" />
  </ItemGroup>
</Project>