<?xml version="1.0" encoding="utf-8"?>
<Project ToolsVersion="4.0" xmlns="http://schemas.microsoft.com/developer/msbuild/2003">
  <ItemGroup>
    <ClCompile Include="..\..\Src\Application\main.cpp">
      <Filter>Source Files</Filter>
    </ClCompile>
    <ClCompile Include="..\..\Src\Application\AudioManager.cpp">
      <Filter>Source Files\Core\Singletons</Filter>
    </ClCompile>
    <ClCompile Include="..\..\Src\Application\GameObject.cpp">
      <Filter>Source Files\Core</Filter>
    </ClCompile>
    <ClCompile Include="..\..\Src\Application\GraphicManager.cpp">
      <Filter>Source Files\Core\Singletons</Filter>
    </ClCompile>
    <ClCompile Include="..\..\Src\Application\InputManager.cpp">
      <Filter>Source Files\Core\Singletons</Filter>
    </ClCompile>
    <ClCompile Include="..\..\Src\Application\PhysicsManager.cpp">
      <Filter>Source Files\Core\Singletons</Filter>
    </ClCompile>
    <ClCompile Include="..\..\Src\Application\PrefabManager.cpp">
      <Filter>Source Files\Core\Singletons</Filter>
    </ClCompile>
    <ClCompile Include="..\..\Src\Application\PlayerComponent.cpp">
      <Filter>Source Files\Components</Filter>
    </ClCompile>
    <ClCompile Include="..\..\Src\Application\GameManager.cpp">
      <Filter>Source Files\Components</Filter>
    </ClCompile>
    <ClCompile Include="..\..\Src\Application\PauseScene.cpp">
      <Filter>Source Files\Scenes</Filter>
    </ClCompile>
    <ClCompile Include="..\..\Src\Application\Scene.cpp">
      <Filter>Source Files\Core</Filter>
    </ClCompile>
    <ClCompile Include="..\..\Src\Application\Scene1.cpp">
      <Filter>Source Files\Scenes</Filter>
    </ClCompile>
    <ClCompile Include="..\..\Src\Application\Scene2.cpp">
      <Filter>Source Files\Scenes</Filter>
    </ClCompile>
    <ClCompile Include="..\..\Src\Application\SceneManager.cpp">
      <Filter>Source Files\Core\Singletons</Filter>
    </ClCompile>
    <ClCompile Include="..\..\Src\Application\AudioComponent.cpp">
      <Filter>Source Files\Core\Components</Filter>
    </ClCompile>
    <ClCompile Include="..\..\Src\Application\EntityComponent.cpp">
      <Filter>Source Files\Core\Components</Filter>
    </ClCompile>
    <ClCompile Include="..\..\Src\Application\BoxColliderComponent.cpp">
      <Filter>Source Files\Core\Components\PhysicsComponent</Filter>
    </ClCompile>
    <ClCompile Include="..\..\Src\Application\CircleColliderComponent.cpp">
      <Filter>Source Files\Core\Components\PhysicsComponent</Filter>
    </ClCompile>
    <ClCompile Include="..\..\Src\Application\ColliderComponent.cpp">
      <Filter>Source Files\Core\Components\PhysicsComponent</Filter>
    </ClCompile>
    <ClCompile Include="..\..\Src\Application\RigidbodyComponent.cpp">
      <Filter>Source Files\Core\Components\PhysicsComponent</Filter>
    </ClCompile>
    <ClCompile Include="..\..\Src\Application\LightComponent.cpp">
      <Filter>Source Files\Core\Components</Filter>
    </ClCompile>
    <ClCompile Include="..\..\Src\Application\PauseManager.cpp">
      <Filter>Source Files\Components</Filter>
    </ClCompile>
  </ItemGroup>
  <ItemGroup>
    <ClInclude Include="..\..\Src\Application\AudioManager.h">
      <Filter>Header Files\Core\Singletons</Filter>
    </ClInclude>
    <ClInclude Include="..\..\Src\Application\checkML.h">
      <Filter>Header Files\Core\Error</Filter>
    </ClInclude>
    <ClInclude Include="..\..\Src\Application\Error.h">
      <Filter>Header Files\Core\Error</Filter>
    </ClInclude>
    <ClInclude Include="..\..\Src\Application\GameManager.h">
      <Filter>Header Files\Components</Filter>
    </ClInclude>
    <ClInclude Include="..\..\Src\Application\GameObject.h">
      <Filter>Header Files\Core</Filter>
    </ClInclude>
    <ClInclude Include="..\..\Src\Application\GraphicManager.h">
      <Filter>Header Files\Core\Singletons</Filter>
    </ClInclude>
    <ClInclude Include="..\..\Src\Application\InputManager.h">
      <Filter>Header Files\Core\Singletons</Filter>
    </ClInclude>
    <ClInclude Include="..\..\Src\Application\PauseScene.h">
      <Filter>Header Files\Scenes</Filter>
    </ClInclude>
    <ClInclude Include="..\..\Src\Application\PhysicsManager.h">
      <Filter>Header Files\Core\Singletons</Filter>
    </ClInclude>
    <ClInclude Include="..\..\Src\Application\PlayerComponent.h">
      <Filter>Header Files\Components</Filter>
    </ClInclude>
    <ClInclude Include="..\..\Src\Application\PrefabManager.h">
      <Filter>Header Files\Core\Singletons</Filter>
    </ClInclude>
    <ClInclude Include="..\..\Src\Application\Scene.h">
      <Filter>Header Files\Core</Filter>
    </ClInclude>
    <ClInclude Include="..\..\Src\Application\Scene1.h">
      <Filter>Header Files\Scenes</Filter>
    </ClInclude>
    <ClInclude Include="..\..\Src\Application\Scene2.h">
      <Filter>Header Files\Scenes</Filter>
    </ClInclude>
    <ClInclude Include="..\..\Src\Application\SceneManager.h">
      <Filter>Header Files\Core\Singletons</Filter>
    </ClInclude>
    <ClInclude Include="..\..\Src\Application\AudioComponent.h">
      <Filter>Header Files\Core\Components</Filter>
    </ClInclude>
    <ClInclude Include="..\..\Src\Application\EntityComponent.h">
      <Filter>Header Files\Core\Components</Filter>
    </ClInclude>
    <ClInclude Include="..\..\Src\Application\Component.h">
      <Filter>Header Files\Core</Filter>
    </ClInclude>
    <ClInclude Include="..\..\Src\Application\BoxColliderComponent.h">
      <Filter>Header Files\Core\Components\Physics</Filter>
    </ClInclude>
    <ClInclude Include="..\..\Src\Application\CircleColliderComponent.h">
      <Filter>Header Files\Core\Components\Physics</Filter>
    </ClInclude>
    <ClInclude Include="..\..\Src\Application\RigidbodyComponent.h">
      <Filter>Header Files\Core\Components\Physics</Filter>
    </ClInclude>
    <ClInclude Include="..\..\Src\Application\ColliderComponent.h">
      <Filter>Header Files\Core\Components\Physics</Filter>
    </ClInclude>
    <ClInclude Include="..\..\Src\Application\LightComponent.h">
      <Filter>Header Files\Core\Components</Filter>
    </ClInclude>
    <ClInclude Include="..\..\Src\Application\PauseManager.h">
      <Filter>Header Files\Components</Filter>
    </ClInclude>
  </ItemGroup>
  <ItemGroup>
    <Filter Include="Header Files">
      <UniqueIdentifier>{929e9f1c-a0d4-4b6e-9df1-af859c877391}</UniqueIdentifier>
    </Filter>
    <Filter Include="Header Files\Components">
      <UniqueIdentifier>{9edec618-d528-4f48-befa-23105f0dc604}</UniqueIdentifier>
    </Filter>
    <Filter Include="Header Files\Core">
      <UniqueIdentifier>{7a66fa78-110c-448c-976e-4c9765540ede}</UniqueIdentifier>
    </Filter>
    <Filter Include="Header Files\Scenes">
      <UniqueIdentifier>{f0e06c0c-d5c7-420c-afa5-758b9152f6c3}</UniqueIdentifier>
    </Filter>
    <Filter Include="Source Files">
      <UniqueIdentifier>{a4cd0935-92d9-4aec-acba-ca677ae58daf}</UniqueIdentifier>
    </Filter>
    <Filter Include="Source Files\Components">
      <UniqueIdentifier>{5d30b44f-619f-4ebb-b817-8741d327ad0c}</UniqueIdentifier>
    </Filter>
    <Filter Include="Source Files\Core">
      <UniqueIdentifier>{f96717d7-e3fc-4539-a0e6-c3b53cb47116}</UniqueIdentifier>
    </Filter>
    <Filter Include="Source Files\Scenes">
      <UniqueIdentifier>{30f9fbb0-19a4-4324-97e7-826319794de5}</UniqueIdentifier>
    </Filter>
    <Filter Include="Source Files\Core\Components">
      <UniqueIdentifier>{aeb6b4d2-3be0-4cb8-aea9-5a07d83bc35a}</UniqueIdentifier>
    </Filter>
    <Filter Include="Header Files\Core\Singletons">
      <UniqueIdentifier>{cfb239b4-ab1f-4d59-9d19-f48ae50b99d6}</UniqueIdentifier>
    </Filter>
    <Filter Include="Header Files\Core\Error">
      <UniqueIdentifier>{1194df29-c4a6-41d5-a7e5-40bca414bf82}</UniqueIdentifier>
    </Filter>
    <Filter Include="Header Files\Core\Components">
      <UniqueIdentifier>{447603b0-4009-433c-8f90-722438f57d2a}</UniqueIdentifier>
    </Filter>
    <Filter Include="Source Files\Core\Singletons">
      <UniqueIdentifier>{a52bfec0-aa63-4db9-9ab4-91d6e4cb8537}</UniqueIdentifier>
    </Filter>
    <Filter Include="Header Files\Core\Components\Physics">
      <UniqueIdentifier>{d36c0d9c-763d-49c8-a1cc-c289e9bc79e9}</UniqueIdentifier>
    </Filter>
    <Filter Include="Source Files\Core\Components\PhysicsComponent">
      <UniqueIdentifier>{4630e232-1cbf-4bb1-987d-186cd58fe9fc}</UniqueIdentifier>
    </Filter>
  </ItemGroup>
</Project>